
Microsoft Visual Studio Solution File, Format Version 12.00
# Visual Studio 2013
VisualStudioVersion = 12.0.30110.0
MinimumVisualStudioVersion = 10.0.40219.1
Project("{FAE04EC0-301F-11D3-BF4B-00C04F79EFBC}") = "RabbitPoC", "RabbitPoC\RabbitPoC.csproj", "{2F4CF43F-904D-4636-AC5B-4A8F8D49DFA1}"
EndProject
Project("{FAE04EC0-301F-11D3-BF4B-00C04F79EFBC}") = "PocConsole", "PocConsole\PocConsole.csproj", "{954C1329-D70F-42FD-9FF4-0FFBB2EE39A1}"
EndProject
Global
	GlobalSection(SolutionConfigurationPlatforms) = preSolution
		Debug|Any CPU = Debug|Any CPU
		Release|Any CPU = Release|Any CPU
	EndGlobalSection
	GlobalSection(ProjectConfigurationPlatforms) = postSolution
		{2F4CF43F-904D-4636-AC5B-4A8F8D49DFA1}.Debug|Any CPU.ActiveCfg = Debug|Any CPU
		{2F4CF43F-904D-4636-AC5B-4A8F8D49DFA1}.Debug|Any CPU.Build.0 = Debug|Any CPU
		{2F4CF43F-904D-4636-AC5B-4A8F8D49DFA1}.Release|Any CPU.ActiveCfg = Release|Any CPU
		{2F4CF43F-904D-4636-AC5B-4A8F8D49DFA1}.Release|Any CPU.Build.0 = Release|Any CPU
		{954C1329-D70F-42FD-9FF4-0FFBB2EE39A1}.Debug|Any CPU.ActiveCfg = Debug|Any CPU
		{954C1329-D70F-42FD-9FF4-0FFBB2EE39A1}.Debug|Any CPU.Build.0 = Debug|Any CPU
		{954C1329-D70F-42FD-9FF4-0FFBB2EE39A1}.Release|Any CPU.ActiveCfg = Release|Any CPU
		{954C1329-D70F-42FD-9FF4-0FFBB2EE39A1}.Release|Any CPU.Build.0 = Release|Any CPU
	EndGlobalSection
	GlobalSection(SolutionProperties) = preSolution
		HideSolutionNode = FALSE
	EndGlobalSection
EndGlobal
